
Microsoft Visual Studio Solution File, Format Version 12.00
# Visual Studio 15
VisualStudioVersion = 15.0.28307.1300
MinimumVisualStudioVersion = 10.0.40219.1
Project("{FAE04EC0-301F-11D3-BF4B-00C04F79EFBC}") = "FeedbackForITStudents", "FeedbackForITStudents\FeedbackForITStudents.csproj", "{9477B71D-5BEE-4B1B-83E8-29A5EBD9F90C}"
EndProject
Project("{FAE04EC0-301F-11D3-BF4B-00C04F79EFBC}") = "FeedbackForITStudentsTest", "UnitTestProject1\FeedbackForITStudentsTest.csproj", "{6409F934-93F0-4C7C-B601-4710DDB06DD5}"
EndProject
Global
	GlobalSection(SolutionConfigurationPlatforms) = preSolution
		Debug|Any CPU = Debug|Any CPU
		Release|Any CPU = Release|Any CPU
	EndGlobalSection
	GlobalSection(ProjectConfigurationPlatforms) = postSolution
		{9477B71D-5BEE-4B1B-83E8-29A5EBD9F90C}.Debug|Any CPU.ActiveCfg = Debug|Any CPU
		{9477B71D-5BEE-4B1B-83E8-29A5EBD9F90C}.Debug|Any CPU.Build.0 = Debug|Any CPU
		{9477B71D-5BEE-4B1B-83E8-29A5EBD9F90C}.Release|Any CPU.ActiveCfg = Release|Any CPU
		{9477B71D-5BEE-4B1B-83E8-29A5EBD9F90C}.Release|Any CPU.Build.0 = Release|Any CPU
		{6409F934-93F0-4C7C-B601-4710DDB06DD5}.Debug|Any CPU.ActiveCfg = Debug|Any CPU
		{6409F934-93F0-4C7C-B601-4710DDB06DD5}.Debug|Any CPU.Build.0 = Debug|Any CPU
		{6409F934-93F0-4C7C-B601-4710DDB06DD5}.Release|Any CPU.ActiveCfg = Release|Any CPU
		{6409F934-93F0-4C7C-B601-4710DDB06DD5}.Release|Any CPU.Build.0 = Release|Any CPU
	EndGlobalSection
	GlobalSection(SolutionProperties) = preSolution
		HideSolutionNode = FALSE
	EndGlobalSection
	GlobalSection(ExtensibilityGlobals) = postSolution
		SolutionGuid = {FD417F26-6105-4068-85F9-29253BE143F5}
	EndGlobalSection
EndGlobal
